
Microsoft Visual Studio Solution File, Format Version 12.00
# Visual Studio Version 17
VisualStudioVersion = 17.0.31919.166
MinimumVisualStudioVersion = 10.0.40219.1
Project("{9A19103F-16F7-4668-BE54-9A1E7A4F7556}") = "MathProblems", "MathProblems\MathProblems.csproj", "{A14B6F55-9749-4A95-8DA3-51DC725FB63E}"
EndProject
Project("{9A19103F-16F7-4668-BE54-9A1E7A4F7556}") = "AdventOfCodeProblems", "AdventOfCodeProblems\AdventOfCodeProblems.csproj", "{304539C0-4D65-4EEE-A838-0D47B602272A}"
EndProject
Project("{FAE04EC0-301F-11D3-BF4B-00C04F79EFBC}") = "LeetCodeProblems", "LeetCodeProblems\LeetCodeProblems.csproj", "{806C0FA4-A2ED-4E99-9727-6335A13B496C}"
EndProject
Global
	GlobalSection(SolutionConfigurationPlatforms) = preSolution
		Debug|Any CPU = Debug|Any CPU
		Release|Any CPU = Release|Any CPU
	EndGlobalSection
	GlobalSection(ProjectConfigurationPlatforms) = postSolution
		{A14B6F55-9749-4A95-8DA3-51DC725FB63E}.Debug|Any CPU.ActiveCfg = Debug|Any CPU
		{A14B6F55-9749-4A95-8DA3-51DC725FB63E}.Debug|Any CPU.Build.0 = Debug|Any CPU
		{A14B6F55-9749-4A95-8DA3-51DC725FB63E}.Release|Any CPU.ActiveCfg = Release|Any CPU
		{A14B6F55-9749-4A95-8DA3-51DC725FB63E}.Release|Any CPU.Build.0 = Release|Any CPU
		{304539C0-4D65-4EEE-A838-0D47B602272A}.Debug|Any CPU.ActiveCfg = Debug|Any CPU
		{304539C0-4D65-4EEE-A838-0D47B602272A}.Debug|Any CPU.Build.0 = Debug|Any CPU
		{304539C0-4D65-4EEE-A838-0D47B602272A}.Release|Any CPU.ActiveCfg = Release|Any CPU
		{304539C0-4D65-4EEE-A838-0D47B602272A}.Release|Any CPU.Build.0 = Release|Any CPU
		{806C0FA4-A2ED-4E99-9727-6335A13B496C}.Debug|Any CPU.ActiveCfg = Debug|Any CPU
		{806C0FA4-A2ED-4E99-9727-6335A13B496C}.Debug|Any CPU.Build.0 = Debug|Any CPU
		{806C0FA4-A2ED-4E99-9727-6335A13B496C}.Release|Any CPU.ActiveCfg = Release|Any CPU
		{806C0FA4-A2ED-4E99-9727-6335A13B496C}.Release|Any CPU.Build.0 = Release|Any CPU
	EndGlobalSection
	GlobalSection(SolutionProperties) = preSolution
		HideSolutionNode = FALSE
	EndGlobalSection
	GlobalSection(ExtensibilityGlobals) = postSolution
		SolutionGuid = {4398A54F-05CE-43D1-BC25-BD200ECC1D1D}
	EndGlobalSection
EndGlobal
